
Microsoft Visual Studio Solution File, Format Version 12.00
# Visual Studio 14
VisualStudioVersion = 14.0.25123.0
MinimumVisualStudioVersion = 10.0.40219.1
Project("{FAE04EC0-301F-11D3-BF4B-00C04F79EFBC}") = "Aveva.Web", "Aveva.Web\Aveva.Web.csproj", "{153719F4-0495-4A3B-9339-1D7358C46556}"
EndProject
Project("{FAE04EC0-301F-11D3-BF4B-00C04F79EFBC}") = "Aveva.Models", "Aveva.Models\Aveva.Models.csproj", "{8AF887C8-CC69-442C-8729-DB36CCB1923A}"
EndProject
Project("{FAE04EC0-301F-11D3-BF4B-00C04F79EFBC}") = "Aveva.Services", "Aveva.Services\Aveva.Services.csproj", "{8F80B3D5-D65C-4096-A4A4-F2F6A7C1CA7E}"
EndProject
Global
	GlobalSection(SolutionConfigurationPlatforms) = preSolution
		Debug|Any CPU = Debug|Any CPU
		Release|Any CPU = Release|Any CPU
	EndGlobalSection
	GlobalSection(ProjectConfigurationPlatforms) = postSolution
		{153719F4-0495-4A3B-9339-1D7358C46556}.Debug|Any CPU.ActiveCfg = Debug|Any CPU
		{153719F4-0495-4A3B-9339-1D7358C46556}.Debug|Any CPU.Build.0 = Debug|Any CPU
		{153719F4-0495-4A3B-9339-1D7358C46556}.Release|Any CPU.ActiveCfg = Release|Any CPU
		{153719F4-0495-4A3B-9339-1D7358C46556}.Release|Any CPU.Build.0 = Release|Any CPU
		{8AF887C8-CC69-442C-8729-DB36CCB1923A}.Debug|Any CPU.ActiveCfg = Debug|Any CPU
		{8AF887C8-CC69-442C-8729-DB36CCB1923A}.Debug|Any CPU.Build.0 = Debug|Any CPU
		{8AF887C8-CC69-442C-8729-DB36CCB1923A}.Release|Any CPU.ActiveCfg = Release|Any CPU
		{8AF887C8-CC69-442C-8729-DB36CCB1923A}.Release|Any CPU.Build.0 = Release|Any CPU
		{8F80B3D5-D65C-4096-A4A4-F2F6A7C1CA7E}.Debug|Any CPU.ActiveCfg = Debug|Any CPU
		{8F80B3D5-D65C-4096-A4A4-F2F6A7C1CA7E}.Debug|Any CPU.Build.0 = Debug|Any CPU
		{8F80B3D5-D65C-4096-A4A4-F2F6A7C1CA7E}.Release|Any CPU.ActiveCfg = Release|Any CPU
		{8F80B3D5-D65C-4096-A4A4-F2F6A7C1CA7E}.Release|Any CPU.Build.0 = Release|Any CPU
	EndGlobalSection
	GlobalSection(SolutionProperties) = preSolution
		HideSolutionNode = FALSE
	EndGlobalSection
EndGlobal
